<?xml version="1.0" encoding="utf-8"?>
<Project ToolsVersion="Current" xmlns="http://schemas.microsoft.com/developer/msbuild/2003">
  <ItemGroup>
    <Filter Include="Source Files">
      <UniqueIdentifier>{56D28670-27EC-4F19-A8C1-9306F1E2D06D}</UniqueIdentifier>
      <Extensions>cpp;c;cc;cxx</Extensions>
    </Filter>
    <Filter Include="Header Files">
      <UniqueIdentifier>{DF84C9BB-C501-44E1-A615-428D901F13F7}</UniqueIdentifier>
      <Extensions>h;hpp;hxx</Extensions>
    </Filter>
    <Filter Include="Definition Files">
      <UniqueIdentifier>{3622FD5D-75AB-48A9-93F2-D280730934D4}</UniqueIdentifier>
      <Extensions>def</Extensions>
    </Filter>
  </ItemGroup>
  <ItemGroup>
    <ClCompile Include="src\aliases.cpp"><Filter>Source Files</Filter></ClCompile>
    <ClCompile Include="src\command_router.cpp"><Filter>Source Files</Filter></ClCompile>
    <ClCompile Include="src\config.cpp"><Filter>Source Files</Filter></ClCompile>
    <ClCompile Include="src\context.cpp"><Filter>Source Files</Filter></ClCompile>
    <ClCompile Include="src\dbg_session.cpp"><Filter>Source Files</Filter></ClCompile>
    <ClCompile Include="src\extension.cpp"><Filter>Source Files</Filter></ClCompile>
    <ClCompile Include="src\heap.cpp"><Filter>Source Files</Filter></ClCompile>
    <ClCompile Include="src\memory.cpp"><Filter>Source Files</Filter></ClCompile>
    <ClCompile Include="src\modules.cpp"><Filter>Source Files</Filter></ClCompile>
    <ClCompile Include="src\output.cpp"><Filter>Source Files</Filter></ClCompile>
    <ClCompile Include="src\pe_security.cpp"><Filter>Source Files</Filter></ClCompile>
  </ItemGroup>
  <ItemGroup>
    <ClInclude Include="src\aliases.hpp"><Filter>Header Files</Filter></ClInclude>
    <ClInclude Include="src\command_router.hpp"><Filter>Header Files</Filter></ClInclude>
    <ClInclude Include="src\config.hpp"><Filter>Header Files</Filter></ClInclude>
    <ClInclude Include="src\context.hpp"><Filter>Header Files</Filter></ClInclude>
    <ClInclude Include="src\dbg_session.hpp"><Filter>Header Files</Filter></ClInclude>
    <ClInclude Include="src\heap.hpp"><Filter>Header Files</Filter></ClInclude>
    <ClInclude Include="src\memory.hpp"><Filter>Header Files</Filter></ClInclude>
    <ClInclude Include="src\modules.hpp"><Filter>Header Files</Filter></ClInclude>
    <ClInclude Include="src\output.hpp"><Filter>Header Files</Filter></ClInclude>
    <ClInclude Include="src\pe_security.hpp"><Filter>Header Files</Filter></ClInclude>
  </ItemGroup>
  <ItemGroup>
    <None Include="wef.def"><Filter>Definition Files</Filter></None>
  </ItemGroup>
</Project>
